
Microsoft Visual Studio Solution File, Format Version 12.00
# Visual Studio Version 17
VisualStudioVersion = 17.2.32630.192
MinimumVisualStudioVersion = 10.0.40219.1
Project("{FAE04EC0-301F-11D3-BF4B-00C04F79EFBC}") = "NZWalksAPI", "NZWalksAPI\NZWalksAPI.csproj", "{E2962663-A337-4A39-A265-56B1E1D5135D}"
EndProject
Global
	GlobalSection(SolutionConfigurationPlatforms) = preSolution
		Debug|Any CPU = Debug|Any CPU
		Release|Any CPU = Release|Any CPU
	EndGlobalSection
	GlobalSection(ProjectConfigurationPlatforms) = postSolution
		{E2962663-A337-4A39-A265-56B1E1D5135D}.Debug|Any CPU.ActiveCfg = Debug|Any CPU
		{E2962663-A337-4A39-A265-56B1E1D5135D}.Debug|Any CPU.Build.0 = Debug|Any CPU
		{E2962663-A337-4A39-A265-56B1E1D5135D}.Release|Any CPU.ActiveCfg = Release|Any CPU
		{E2962663-A337-4A39-A265-56B1E1D5135D}.Release|Any CPU.Build.0 = Release|Any CPU
	EndGlobalSection
	GlobalSection(SolutionProperties) = preSolution
		HideSolutionNode = FALSE
	EndGlobalSection
	GlobalSection(ExtensibilityGlobals) = postSolution
		SolutionGuid = {3EB2FC99-8447-4D5C-8158-68BCC763B004}
	EndGlobalSection
EndGlobal
